
Microsoft Visual Studio Solution File, Format Version 12.00
# Visual Studio Version 17
VisualStudioVersion = 17.3.32922.545
MinimumVisualStudioVersion = 10.0.40219.1
Project("{FAE04EC0-301F-11D3-BF4B-00C04F79EFBC}") = "ExercicioClasses3", "ExercicioClasses3\ExercicioClasses3.csproj", "{C710D933-27BA-4523-A04A-0C580F9C3CF2}"
EndProject
Global
	GlobalSection(SolutionConfigurationPlatforms) = preSolution
		Debug|Any CPU = Debug|Any CPU
		Release|Any CPU = Release|Any CPU
	EndGlobalSection
	GlobalSection(ProjectConfigurationPlatforms) = postSolution
		{C710D933-27BA-4523-A04A-0C580F9C3CF2}.Debug|Any CPU.ActiveCfg = Debug|Any CPU
		{C710D933-27BA-4523-A04A-0C580F9C3CF2}.Debug|Any CPU.Build.0 = Debug|Any CPU
		{C710D933-27BA-4523-A04A-0C580F9C3CF2}.Release|Any CPU.ActiveCfg = Release|Any CPU
		{C710D933-27BA-4523-A04A-0C580F9C3CF2}.Release|Any CPU.Build.0 = Release|Any CPU
	EndGlobalSection
	GlobalSection(SolutionProperties) = preSolution
		HideSolutionNode = FALSE
	EndGlobalSection
	GlobalSection(ExtensibilityGlobals) = postSolution
		SolutionGuid = {B851B0B1-195B-42C8-B8D6-A01C48A35CD3}
	EndGlobalSection
EndGlobal
